
Microsoft Visual Studio Solution File, Format Version 12.00
# Visual Studio Version 17
VisualStudioVersion = 17.0.31903.59
MinimumVisualStudioVersion = 10.0.40219.1
Project("{2150E333-8FDC-42A3-9474-1A3956D46DE8}") = "src", "src", "{827E0CD3-B72D-47B6-A68D-7590B98EB39B}"
EndProject
Project("{FAE04EC0-301F-11D3-BF4B-00C04F79EFBC}") = "Domain", "src\Domain\Domain.csproj", "{E35166F7-F344-4A80-863A-BC5462E61A84}"
EndProject
Project("{FAE04EC0-301F-11D3-BF4B-00C04F79EFBC}") = "Infrastructure", "src\Infrastructure\Infrastructure.csproj", "{60AF5CAE-E1DB-438D-9548-C958C7670F33}"
EndProject
Project("{FAE04EC0-301F-11D3-BF4B-00C04F79EFBC}") = "MockApi", "MockApi\MockApi.csproj", "{0F2788A3-1BCA-4EE9-B448-1C35220BE80C}"
EndProject
Project("{2150E333-8FDC-42A3-9474-1A3956D46DE8}") = "tests", "tests", "{0AB3BF05-4346-4AA6-1389-037BE0695223}"
EndProject
Project("{FAE04EC0-301F-11D3-BF4B-00C04F79EFBC}") = "Tests", "tests\Tests.csproj", "{2F75DDD6-0109-4657-8A22-76E22FF2CCE8}"
EndProject
Project("{FAE04EC0-301F-11D3-BF4B-00C04F79EFBC}") = "Application", "src\Application\Application.csproj", "{9639F418-07EC-448C-9CB8-81D32C06E3B5}"
EndProject
Project("{FAE04EC0-301F-11D3-BF4B-00C04F79EFBC}") = "Presentation", "src\Presentation\Presentation.csproj", "{4487E766-F4CA-4CE0-8D97-0A3DDB49D269}"
EndProject
Global
	GlobalSection(SolutionConfigurationPlatforms) = preSolution
		Debug|Any CPU = Debug|Any CPU
		Debug|x64 = Debug|x64
		Debug|x86 = Debug|x86
		Release|Any CPU = Release|Any CPU
		Release|x64 = Release|x64
		Release|x86 = Release|x86
	EndGlobalSection
	GlobalSection(ProjectConfigurationPlatforms) = postSolution
		{E35166F7-F344-4A80-863A-BC5462E61A84}.Debug|Any CPU.ActiveCfg = Debug|Any CPU
		{E35166F7-F344-4A80-863A-BC5462E61A84}.Debug|Any CPU.Build.0 = Debug|Any CPU
		{E35166F7-F344-4A80-863A-BC5462E61A84}.Debug|x64.ActiveCfg = Debug|Any CPU
		{E35166F7-F344-4A80-863A-BC5462E61A84}.Debug|x64.Build.0 = Debug|Any CPU
		{E35166F7-F344-4A80-863A-BC5462E61A84}.Debug|x86.ActiveCfg = Debug|Any CPU
		{E35166F7-F344-4A80-863A-BC5462E61A84}.Debug|x86.Build.0 = Debug|Any CPU
		{E35166F7-F344-4A80-863A-BC5462E61A84}.Release|Any CPU.ActiveCfg = Release|Any CPU
		{E35166F7-F344-4A80-863A-BC5462E61A84}.Release|Any CPU.Build.0 = Release|Any CPU
		{E35166F7-F344-4A80-863A-BC5462E61A84}.Release|x64.ActiveCfg = Release|Any CPU
		{E35166F7-F344-4A80-863A-BC5462E61A84}.Release|x64.Build.0 = Release|Any CPU
		{E35166F7-F344-4A80-863A-BC5462E61A84}.Release|x86.ActiveCfg = Release|Any CPU
		{E35166F7-F344-4A80-863A-BC5462E61A84}.Release|x86.Build.0 = Release|Any CPU
		{60AF5CAE-E1DB-438D-9548-C958C7670F33}.Debug|Any CPU.ActiveCfg = Debug|Any CPU
		{60AF5CAE-E1DB-438D-9548-C958C7670F33}.Debug|Any CPU.Build.0 = Debug|Any CPU
		{60AF5CAE-E1DB-438D-9548-C958C7670F33}.Debug|x64.ActiveCfg = Debug|Any CPU
		{60AF5CAE-E1DB-438D-9548-C958C7670F33}.Debug|x64.Build.0 = Debug|Any CPU
		{60AF5CAE-E1DB-438D-9548-C958C7670F33}.Debug|x86.ActiveCfg = Debug|Any CPU
		{60AF5CAE-E1DB-438D-9548-C958C7670F33}.Debug|x86.Build.0 = Debug|Any CPU
		{60AF5CAE-E1DB-438D-9548-C958C7670F33}.Release|Any CPU.ActiveCfg = Release|Any CPU
		{60AF5CAE-E1DB-438D-9548-C958C7670F33}.Release|Any CPU.Build.0 = Release|Any CPU
		{60AF5CAE-E1DB-438D-9548-C958C7670F33}.Release|x64.ActiveCfg = Release|Any CPU
		{60AF5CAE-E1DB-438D-9548-C958C7670F33}.Release|x64.Build.0 = Release|Any CPU
		{60AF5CAE-E1DB-438D-9548-C958C7670F33}.Release|x86.ActiveCfg = Release|Any CPU
		{60AF5CAE-E1DB-438D-9548-C958C7670F33}.Release|x86.Build.0 = Release|Any CPU
		{0F2788A3-1BCA-4EE9-B448-1C35220BE80C}.Debug|Any CPU.ActiveCfg = Debug|Any CPU
		{0F2788A3-1BCA-4EE9-B448-1C35220BE80C}.Debug|Any CPU.Build.0 = Debug|Any CPU
		{0F2788A3-1BCA-4EE9-B448-1C35220BE80C}.Debug|x64.ActiveCfg = Debug|Any CPU
		{0F2788A3-1BCA-4EE9-B448-1C35220BE80C}.Debug|x64.Build.0 = Debug|Any CPU
		{0F2788A3-1BCA-4EE9-B448-1C35220BE80C}.Debug|x86.ActiveCfg = Debug|Any CPU
		{0F2788A3-1BCA-4EE9-B448-1C35220BE80C}.Debug|x86.Build.0 = Debug|Any CPU
		{0F2788A3-1BCA-4EE9-B448-1C35220BE80C}.Release|Any CPU.ActiveCfg = Release|Any CPU
		{0F2788A3-1BCA-4EE9-B448-1C35220BE80C}.Release|Any CPU.Build.0 = Release|Any CPU
		{0F2788A3-1BCA-4EE9-B448-1C35220BE80C}.Release|x64.ActiveCfg = Release|Any CPU
		{0F2788A3-1BCA-4EE9-B448-1C35220BE80C}.Release|x64.Build.0 = Release|Any CPU
		{0F2788A3-1BCA-4EE9-B448-1C35220BE80C}.Release|x86.ActiveCfg = Release|Any CPU
		{0F2788A3-1BCA-4EE9-B448-1C35220BE80C}.Release|x86.Build.0 = Release|Any CPU
		{2F75DDD6-0109-4657-8A22-76E22FF2CCE8}.Debug|Any CPU.ActiveCfg = Debug|Any CPU
		{2F75DDD6-0109-4657-8A22-76E22FF2CCE8}.Debug|Any CPU.Build.0 = Debug|Any CPU
		{2F75DDD6-0109-4657-8A22-76E22FF2CCE8}.Debug|x64.ActiveCfg = Debug|Any CPU
		{2F75DDD6-0109-4657-8A22-76E22FF2CCE8}.Debug|x64.Build.0 = Debug|Any CPU
		{2F75DDD6-0109-4657-8A22-76E22FF2CCE8}.Debug|x86.ActiveCfg = Debug|Any CPU
		{2F75DDD6-0109-4657-8A22-76E22FF2CCE8}.Debug|x86.Build.0 = Debug|Any CPU
		{2F75DDD6-0109-4657-8A22-76E22FF2CCE8}.Release|Any CPU.ActiveCfg = Release|Any CPU
		{2F75DDD6-0109-4657-8A22-76E22FF2CCE8}.Release|Any CPU.Build.0 = Release|Any CPU
		{2F75DDD6-0109-4657-8A22-76E22FF2CCE8}.Release|x64.ActiveCfg = Release|Any CPU
		{2F75DDD6-0109-4657-8A22-76E22FF2CCE8}.Release|x64.Build.0 = Release|Any CPU
		{2F75DDD6-0109-4657-8A22-76E22FF2CCE8}.Release|x86.ActiveCfg = Release|Any CPU
		{2F75DDD6-0109-4657-8A22-76E22FF2CCE8}.Release|x86.Build.0 = Release|Any CPU
		{9639F418-07EC-448C-9CB8-81D32C06E3B5}.Debug|Any CPU.ActiveCfg = Debug|Any CPU
		{9639F418-07EC-448C-9CB8-81D32C06E3B5}.Debug|Any CPU.Build.0 = Debug|Any CPU
		{9639F418-07EC-448C-9CB8-81D32C06E3B5}.Debug|x64.ActiveCfg = Debug|Any CPU
		{9639F418-07EC-448C-9CB8-81D32C06E3B5}.Debug|x64.Build.0 = Debug|Any CPU
		{9639F418-07EC-448C-9CB8-81D32C06E3B5}.Debug|x86.ActiveCfg = Debug|Any CPU
		{9639F418-07EC-448C-9CB8-81D32C06E3B5}.Debug|x86.Build.0 = Debug|Any CPU
		{9639F418-07EC-448C-9CB8-81D32C06E3B5}.Release|Any CPU.ActiveCfg = Release|Any CPU
		{9639F418-07EC-448C-9CB8-81D32C06E3B5}.Release|Any CPU.Build.0 = Release|Any CPU
		{9639F418-07EC-448C-9CB8-81D32C06E3B5}.Release|x64.ActiveCfg = Release|Any CPU
		{9639F418-07EC-448C-9CB8-81D32C06E3B5}.Release|x64.Build.0 = Release|Any CPU
		{9639F418-07EC-448C-9CB8-81D32C06E3B5}.Release|x86.ActiveCfg = Release|Any CPU
		{9639F418-07EC-448C-9CB8-81D32C06E3B5}.Release|x86.Build.0 = Release|Any CPU
		{4487E766-F4CA-4CE0-8D97-0A3DDB49D269}.Debug|Any CPU.ActiveCfg = Debug|Any CPU
		{4487E766-F4CA-4CE0-8D97-0A3DDB49D269}.Debug|Any CPU.Build.0 = Debug|Any CPU
		{4487E766-F4CA-4CE0-8D97-0A3DDB49D269}.Debug|x64.ActiveCfg = Debug|Any CPU
		{4487E766-F4CA-4CE0-8D97-0A3DDB49D269}.Debug|x64.Build.0 = Debug|Any CPU
		{4487E766-F4CA-4CE0-8D97-0A3DDB49D269}.Debug|x86.ActiveCfg = Debug|Any CPU
		{4487E766-F4CA-4CE0-8D97-0A3DDB49D269}.Debug|x86.Build.0 = Debug|Any CPU
		{4487E766-F4CA-4CE0-8D97-0A3DDB49D269}.Release|Any CPU.ActiveCfg = Release|Any CPU
		{4487E766-F4CA-4CE0-8D97-0A3DDB49D269}.Release|Any CPU.Build.0 = Release|Any CPU
		{4487E766-F4CA-4CE0-8D97-0A3DDB49D269}.Release|x64.ActiveCfg = Release|Any CPU
		{4487E766-F4CA-4CE0-8D97-0A3DDB49D269}.Release|x64.Build.0 = Release|Any CPU
		{4487E766-F4CA-4CE0-8D97-0A3DDB49D269}.Release|x86.ActiveCfg = Release|Any CPU
		{4487E766-F4CA-4CE0-8D97-0A3DDB49D269}.Release|x86.Build.0 = Release|Any CPU
	EndGlobalSection
	GlobalSection(SolutionProperties) = preSolution
		HideSolutionNode = FALSE
	EndGlobalSection
	GlobalSection(NestedProjects) = preSolution
		{E35166F7-F344-4A80-863A-BC5462E61A84} = {827E0CD3-B72D-47B6-A68D-7590B98EB39B}
		{60AF5CAE-E1DB-438D-9548-C958C7670F33} = {827E0CD3-B72D-47B6-A68D-7590B98EB39B}
		{2F75DDD6-0109-4657-8A22-76E22FF2CCE8} = {0AB3BF05-4346-4AA6-1389-037BE0695223}
		{9639F418-07EC-448C-9CB8-81D32C06E3B5} = {827E0CD3-B72D-47B6-A68D-7590B98EB39B}
		{4487E766-F4CA-4CE0-8D97-0A3DDB49D269} = {827E0CD3-B72D-47B6-A68D-7590B98EB39B}
	EndGlobalSection
EndGlobal
