
Microsoft Visual Studio Solution File, Format Version 12.00
# Visual Studio Version 17
VisualStudioVersion = 17.0.31903.59
MinimumVisualStudioVersion = 10.0.40219.1
Project("{2150E333-8FDC-42A3-9474-1A3956D46DE8}") = "src", "src", "{827E0CD3-B72D-47B6-A68D-7590B98EB39B}"
EndProject
Project("{FAE04EC0-301F-11D3-BF4B-00C04F79EFBC}") = "Domain", "src\Domain\Domain.csproj", "{E35166F7-F344-4A80-863A-BC5462E61A84}"
EndProject
Project("{FAE04EC0-301F-11D3-BF4B-00C04F79EFBC}") = "Application", "src\Application\Application.csproj", "{C3071D74-1D28-4828-B034-99B8F0ADAA3D}"
EndProject
Project("{FAE04EC0-301F-11D3-BF4B-00C04F79EFBC}") = "Infrastructure", "src\Infrastructure\Infrastructure.csproj", "{60AF5CAE-E1DB-438D-9548-C958C7670F33}"
EndProject
Project("{FAE04EC0-301F-11D3-BF4B-00C04F79EFBC}") = "Presentation", "src\Presentation\Presentation.csproj", "{80A0FABA-4C7F-4C03-9256-47AF62EB9A7C}"
EndProject
Global
	GlobalSection(SolutionConfigurationPlatforms) = preSolution
		Debug|Any CPU = Debug|Any CPU
		Debug|x64 = Debug|x64
		Debug|x86 = Debug|x86
		Release|Any CPU = Release|Any CPU
		Release|x64 = Release|x64
		Release|x86 = Release|x86
	EndGlobalSection
	GlobalSection(ProjectConfigurationPlatforms) = postSolution
		{E35166F7-F344-4A80-863A-BC5462E61A84}.Debug|Any CPU.ActiveCfg = Debug|Any CPU
		{E35166F7-F344-4A80-863A-BC5462E61A84}.Debug|Any CPU.Build.0 = Debug|Any CPU
		{E35166F7-F344-4A80-863A-BC5462E61A84}.Debug|x64.ActiveCfg = Debug|Any CPU
		{E35166F7-F344-4A80-863A-BC5462E61A84}.Debug|x64.Build.0 = Debug|Any CPU
		{E35166F7-F344-4A80-863A-BC5462E61A84}.Debug|x86.ActiveCfg = Debug|Any CPU
		{E35166F7-F344-4A80-863A-BC5462E61A84}.Debug|x86.Build.0 = Debug|Any CPU
		{E35166F7-F344-4A80-863A-BC5462E61A84}.Release|Any CPU.ActiveCfg = Release|Any CPU
		{E35166F7-F344-4A80-863A-BC5462E61A84}.Release|Any CPU.Build.0 = Release|Any CPU
		{E35166F7-F344-4A80-863A-BC5462E61A84}.Release|x64.ActiveCfg = Release|Any CPU
		{E35166F7-F344-4A80-863A-BC5462E61A84}.Release|x64.Build.0 = Release|Any CPU
		{E35166F7-F344-4A80-863A-BC5462E61A84}.Release|x86.ActiveCfg = Release|Any CPU
		{E35166F7-F344-4A80-863A-BC5462E61A84}.Release|x86.Build.0 = Release|Any CPU
		{C3071D74-1D28-4828-B034-99B8F0ADAA3D}.Debug|Any CPU.ActiveCfg = Debug|Any CPU
		{C3071D74-1D28-4828-B034-99B8F0ADAA3D}.Debug|Any CPU.Build.0 = Debug|Any CPU
		{C3071D74-1D28-4828-B034-99B8F0ADAA3D}.Debug|x64.ActiveCfg = Debug|Any CPU
		{C3071D74-1D28-4828-B034-99B8F0ADAA3D}.Debug|x64.Build.0 = Debug|Any CPU
		{C3071D74-1D28-4828-B034-99B8F0ADAA3D}.Debug|x86.ActiveCfg = Debug|Any CPU
		{C3071D74-1D28-4828-B034-99B8F0ADAA3D}.Debug|x86.Build.0 = Debug|Any CPU
		{C3071D74-1D28-4828-B034-99B8F0ADAA3D}.Release|Any CPU.ActiveCfg = Release|Any CPU
		{C3071D74-1D28-4828-B034-99B8F0ADAA3D}.Release|Any CPU.Build.0 = Release|Any CPU
		{C3071D74-1D28-4828-B034-99B8F0ADAA3D}.Release|x64.ActiveCfg = Release|Any CPU
		{C3071D74-1D28-4828-B034-99B8F0ADAA3D}.Release|x64.Build.0 = Release|Any CPU
		{C3071D74-1D28-4828-B034-99B8F0ADAA3D}.Release|x86.ActiveCfg = Release|Any CPU
		{C3071D74-1D28-4828-B034-99B8F0ADAA3D}.Release|x86.Build.0 = Release|Any CPU
		{60AF5CAE-E1DB-438D-9548-C958C7670F33}.Debug|Any CPU.ActiveCfg = Debug|Any CPU
		{60AF5CAE-E1DB-438D-9548-C958C7670F33}.Debug|Any CPU.Build.0 = Debug|Any CPU
		{60AF5CAE-E1DB-438D-9548-C958C7670F33}.Debug|x64.ActiveCfg = Debug|Any CPU
		{60AF5CAE-E1DB-438D-9548-C958C7670F33}.Debug|x64.Build.0 = Debug|Any CPU
		{60AF5CAE-E1DB-438D-9548-C958C7670F33}.Debug|x86.ActiveCfg = Debug|Any CPU
		{60AF5CAE-E1DB-438D-9548-C958C7670F33}.Debug|x86.Build.0 = Debug|Any CPU
		{60AF5CAE-E1DB-438D-9548-C958C7670F33}.Release|Any CPU.ActiveCfg = Release|Any CPU
		{60AF5CAE-E1DB-438D-9548-C958C7670F33}.Release|Any CPU.Build.0 = Release|Any CPU
		{60AF5CAE-E1DB-438D-9548-C958C7670F33}.Release|x64.ActiveCfg = Release|Any CPU
		{60AF5CAE-E1DB-438D-9548-C958C7670F33}.Release|x64.Build.0 = Release|Any CPU
		{60AF5CAE-E1DB-438D-9548-C958C7670F33}.Release|x86.ActiveCfg = Release|Any CPU
		{60AF5CAE-E1DB-438D-9548-C958C7670F33}.Release|x86.Build.0 = Release|Any CPU
		{80A0FABA-4C7F-4C03-9256-47AF62EB9A7C}.Debug|Any CPU.ActiveCfg = Debug|Any CPU
		{80A0FABA-4C7F-4C03-9256-47AF62EB9A7C}.Debug|Any CPU.Build.0 = Debug|Any CPU
		{80A0FABA-4C7F-4C03-9256-47AF62EB9A7C}.Debug|x64.ActiveCfg = Debug|Any CPU
		{80A0FABA-4C7F-4C03-9256-47AF62EB9A7C}.Debug|x64.Build.0 = Debug|Any CPU
		{80A0FABA-4C7F-4C03-9256-47AF62EB9A7C}.Debug|x86.ActiveCfg = Debug|Any CPU
		{80A0FABA-4C7F-4C03-9256-47AF62EB9A7C}.Debug|x86.Build.0 = Debug|Any CPU
		{80A0FABA-4C7F-4C03-9256-47AF62EB9A7C}.Release|Any CPU.ActiveCfg = Release|Any CPU
		{80A0FABA-4C7F-4C03-9256-47AF62EB9A7C}.Release|Any CPU.Build.0 = Release|Any CPU
		{80A0FABA-4C7F-4C03-9256-47AF62EB9A7C}.Release|x64.ActiveCfg = Release|Any CPU
		{80A0FABA-4C7F-4C03-9256-47AF62EB9A7C}.Release|x64.Build.0 = Release|Any CPU
		{80A0FABA-4C7F-4C03-9256-47AF62EB9A7C}.Release|x86.ActiveCfg = Release|Any CPU
		{80A0FABA-4C7F-4C03-9256-47AF62EB9A7C}.Release|x86.Build.0 = Release|Any CPU
	EndGlobalSection
	GlobalSection(SolutionProperties) = preSolution
		HideSolutionNode = FALSE
	EndGlobalSection
	GlobalSection(NestedProjects) = preSolution
		{E35166F7-F344-4A80-863A-BC5462E61A84} = {827E0CD3-B72D-47B6-A68D-7590B98EB39B}
		{C3071D74-1D28-4828-B034-99B8F0ADAA3D} = {827E0CD3-B72D-47B6-A68D-7590B98EB39B}
		{60AF5CAE-E1DB-438D-9548-C958C7670F33} = {827E0CD3-B72D-47B6-A68D-7590B98EB39B}
		{80A0FABA-4C7F-4C03-9256-47AF62EB9A7C} = {827E0CD3-B72D-47B6-A68D-7590B98EB39B}
	EndGlobalSection
EndGlobal
